
Microsoft Visual Studio Solution File, Format Version 12.00
# Visual Studio Version 16
VisualStudioVersion = 16.0.29001.49
MinimumVisualStudioVersion = 10.0.40219.1
Project("{FAE04EC0-301F-11D3-BF4B-00C04F79EFBC}") = "Locadora", "Locadora\Locadora.csproj", "{DD1FE15E-1063-4CFE-8BAA-4174C5275C81}"
EndProject
Global
	GlobalSection(SolutionConfigurationPlatforms) = preSolution
		Debug|Any CPU = Debug|Any CPU
		Release|Any CPU = Release|Any CPU
	EndGlobalSection
	GlobalSection(ProjectConfigurationPlatforms) = postSolution
		{DD1FE15E-1063-4CFE-8BAA-4174C5275C81}.Debug|Any CPU.ActiveCfg = Debug|Any CPU
		{DD1FE15E-1063-4CFE-8BAA-4174C5275C81}.Debug|Any CPU.Build.0 = Debug|Any CPU
		{DD1FE15E-1063-4CFE-8BAA-4174C5275C81}.Release|Any CPU.ActiveCfg = Release|Any CPU
		{DD1FE15E-1063-4CFE-8BAA-4174C5275C81}.Release|Any CPU.Build.0 = Release|Any CPU
	EndGlobalSection
	GlobalSection(SolutionProperties) = preSolution
		HideSolutionNode = FALSE
	EndGlobalSection
	GlobalSection(ExtensibilityGlobals) = postSolution
		SolutionGuid = {09DA187D-CD87-4C44-9A43-CCDC26C847AA}
	EndGlobalSection
EndGlobal
